{
  "version": 2,
  "dependencies": {
    "net10.0": {
      "HtmlSanitizer": {
        "type": "Direct",
        "requested": "[9.0.889, )",
        "resolved": "9.0.889",
        "contentHash": "gYEkdYFozRH28YvwekP2Ha5NONbpullgsrruBmJvtlAVDIP4NPvD7ma1P90J24c9nPXMaDxOTWJX8c6Jd6IdjQ==",
        "dependencies": {
          "AngleSharp": "[0.17.1]",
          "AngleSharp.Css": "[0.17.0]"
        }
      },
      "Markdig": {
        "type": "Direct",
        "requested": "[0.44.0, )",
        "resolved": "0.44.0",
        "contentHash": "X+CYMjcUnh/yO24wOSQxVFLiGqWrrtXJ5M7toHiM1Zk4Fg9UMLN5fkaq6FSOWH+mIprsHHgDMlq3MJhmrXalhg=="
      },
      "Microsoft.CodeAnalysis.CSharp": {
        "type": "Direct",
        "requested": "[5.0.0, )",
        "resolved": "5.0.0",
        "contentHash": "5DSyJ9bk+ATuDy7fp2Zt0mJStDVKbBoiz1DyfAwSa+k4H4IwykAUcV3URelw5b8/iVbfSaOwkwmPUZH6opZKCw==",
        "dependencies": {
          "Microsoft.CodeAnalysis.Analyzers": "3.11.0",
          "Microsoft.CodeAnalysis.Common": "[5.0.0]"
        }
      },
      "AngleSharp": {
        "type": "Transitive",
        "resolved": "0.17.1",
        "contentHash": "5MPI4bbixlwxb0W/smOMeIR+QlxMy5/5jD+WnIAw4pBC+7AhLPe5bS3cLgQMJyvd6q0A48sG+uYOt/ep406GLA=="
      },
      "AngleSharp.Css": {
        "type": "Transitive",
        "resolved": "0.17.0",
        "contentHash": "bg0AcugmX6BFEi/DHG61QrwRU8iuiX4H8LZehdIzYdqOM/dgb3BsCTzNIcc1XADn4+xfQEdVwJYTSwUxroL4vg==",
        "dependencies": {
          "AngleSharp": "[0.17.0, 0.18.0)"
        }
      },
      "Microsoft.CodeAnalysis.Analyzers": {
        "type": "Transitive",
        "resolved": "3.11.0",
        "contentHash": "v/EW3UE8/lbEYHoC2Qq7AR/DnmvpgdtAMndfQNmpuIMx/Mto8L5JnuCfdBYtgvalQOtfNCnxFejxuRrryvUTsg=="
      },
      "Microsoft.CodeAnalysis.Common": {
        "type": "Transitive",
        "resolved": "5.0.0",
        "contentHash": "ZXRAdvH6GiDeHRyd3q/km8Z44RoM6FBWHd+gen/la81mVnAdHTEsEkO5J0TCNXBymAcx5UYKt5TvgKBhaLJEow==",
        "dependencies": {
          "Microsoft.CodeAnalysis.Analyzers": "3.11.0"
        }
      },
      "forgetrust.runnable.core": {
        "type": "Project"
      },
      "forgetrust.runnable.web": {
        "type": "Project",
        "dependencies": {
          "ForgeTrust.Runnable.Core": "[1.0.0, )"
        }
      },
      "forgetrust.runnable.web.razorwire": {
        "type": "Project",
        "dependencies": {
          "ForgeTrust.Runnable.Web": "[1.0.0, )"
        }
      }
    }
  }
}