{
  "version": 2,
  "dependencies": {
    "net10.0": {
      "HtmlSanitizer": {
        "type": "Direct",
        "requested": "[9.0.892, )",
        "resolved": "9.0.892",
        "contentHash": "zdkMmpNCjTkxna8Y+jmPIFm2st+HjHrf32yNElFYwe7L4GmDm+mdKR6TzDyf6ewJ0RUUz84D4IkHNgrwGi4VbQ==",
        "dependencies": {
          "AngleSharp": "[0.17.1]",
          "AngleSharp.Css": "[0.17.0]"
        }
      },
      "Markdig": {
        "type": "Direct",
        "requested": "[0.44.0, )",
        "resolved": "0.44.0",
        "contentHash": "X+CYMjcUnh/yO24wOSQxVFLiGqWrrtXJ5M7toHiM1Zk4Fg9UMLN5fkaq6FSOWH+mIprsHHgDMlq3MJhmrXalhg=="
      },
      "Microsoft.CodeAnalysis.CSharp": {
        "type": "Direct",
        "requested": "[5.0.0, )",
        "resolved": "5.0.0",
        "contentHash": "5DSyJ9bk+ATuDy7fp2Zt0mJStDVKbBoiz1DyfAwSa+k4H4IwykAUcV3URelw5b8/iVbfSaOwkwmPUZH6opZKCw==",
        "dependencies": {
          "Microsoft.CodeAnalysis.Analyzers": "3.11.0",
          "Microsoft.CodeAnalysis.Common": "[5.0.0]"
        }
      },
      "AngleSharp": {
        "type": "Transitive",
        "resolved": "0.17.1",
        "contentHash": "5MPI4bbixlwxb0W/smOMeIR+QlxMy5/5jD+WnIAw4pBC+7AhLPe5bS3cLgQMJyvd6q0A48sG+uYOt/ep406GLA=="
      },
      "AngleSharp.Css": {
        "type": "Transitive",
        "resolved": "0.17.0",
        "contentHash": "bg0AcugmX6BFEi/DHG61QrwRU8iuiX4H8LZehdIzYdqOM/dgb3BsCTzNIcc1XADn4+xfQEdVwJYTSwUxroL4vg==",
        "dependencies": {
          "AngleSharp": "[0.17.0, 0.18.0)"
        }
      },
      "Microsoft.AspNetCore.Razor.Language": {
        "type": "Transitive",
        "resolved": "6.0.36",
        "contentHash": "n5Mg5D0aRrhHJJ6bJcwKqQydIFcgUq0jTlvuynoJjwA2IvAzh8Aqf9cpYagofQbIlIXILkCP6q6FgbngyVtpYA=="
      },
      "Microsoft.CodeAnalysis.Common": {
        "type": "Transitive",
        "resolved": "5.0.0",
        "contentHash": "ZXRAdvH6GiDeHRyd3q/km8Z44RoM6FBWHd+gen/la81mVnAdHTEsEkO5J0TCNXBymAcx5UYKt5TvgKBhaLJEow==",
        "dependencies": {
          "Microsoft.CodeAnalysis.Analyzers": "3.11.0"
        }
      },
      "forgetrust.runnable.core": {
        "type": "Project"
      },
      "forgetrust.runnable.web": {
        "type": "Project",
        "dependencies": {
          "ForgeTrust.Runnable.Core": "[1.0.0, )"
        }
      },
      "forgetrust.runnable.web.razorwire": {
        "type": "Project",
        "dependencies": {
          "ForgeTrust.Runnable.Web": "[1.0.0, )",
          "Microsoft.AspNetCore.Mvc.Razor.RuntimeCompilation": "[10.0.2, )"
        }
      },
      "Microsoft.AspNetCore.Mvc.Razor.Extensions": {
        "type": "CentralTransitive",
        "requested": "[6.0.36, )",
        "resolved": "6.0.36",
        "contentHash": "KFHRhrGAnd80310lpuWzI7Cf+GidS/h3JaPDFFnSmSGjCxB5vkBv5E+TXclJCJhqPtgNxg+keTC5SF1T9ieG5w==",
        "dependencies": {
          "Microsoft.AspNetCore.Razor.Language": "6.0.36",
          "Microsoft.CodeAnalysis.Razor": "6.0.36"
        }
      },
      "Microsoft.AspNetCore.Mvc.Razor.RuntimeCompilation": {
        "type": "CentralTransitive",
        "requested": "[10.0.2, )",
        "resolved": "10.0.2",
        "contentHash": "FN5Rv8tmQ2yr4iTiNIetVDyTaLxyt+ugUUo7d7aJnIiHLDr1piOnS8sxUZOEx6apECPLHvrGhQ2XFVdv7mWZ3Q==",
        "dependencies": {
          "Microsoft.AspNetCore.Mvc.Razor.Extensions": "6.0.0",
          "Microsoft.CodeAnalysis.Razor": "6.0.0",
          "Microsoft.Extensions.DependencyModel": "10.0.2"
        }
      },
      "Microsoft.CodeAnalysis.Analyzers": {
        "type": "CentralTransitive",
        "requested": "[3.11.0, )",
        "resolved": "3.11.0",
        "contentHash": "v/EW3UE8/lbEYHoC2Qq7AR/DnmvpgdtAMndfQNmpuIMx/Mto8L5JnuCfdBYtgvalQOtfNCnxFejxuRrryvUTsg=="
      },
      "Microsoft.CodeAnalysis.Razor": {
        "type": "CentralTransitive",
        "requested": "[6.0.36, )",
        "resolved": "6.0.36",
        "contentHash": "RTLNJglWezr/1IkiWdtDpPYW7X7lwa4ow8E35cHt+sWdWxOnl+ayQqMy1RfbaLp7CLmRmgXSzMMZZU3D4vZi9Q==",
        "dependencies": {
          "Microsoft.AspNetCore.Razor.Language": "6.0.36",
          "Microsoft.CodeAnalysis.CSharp": "4.0.0",
          "Microsoft.CodeAnalysis.Common": "4.0.0"
        }
      },
      "Microsoft.Extensions.DependencyModel": {
        "type": "CentralTransitive",
        "requested": "[10.0.2, )",
        "resolved": "10.0.2",
        "contentHash": "DHXzj/FKmUDmhzw7AHbMXbNNcgO8Cb9PDbYOUDICjFAdIALy2WbC6pm+dFKiAUNtcYMucZu2iMVw1ef/sdcZFw=="
      }
    }
  }
}