<Solution>
  <Folder Name="/Aspire/">
    <Project Path="Aspire/ForgeTrust.AppSurface.Aspire.Testing.Tests/ForgeTrust.AppSurface.Aspire.Testing.Tests.csproj" />
    <Project Path="Aspire/ForgeTrust.AppSurface.Aspire.Testing/ForgeTrust.AppSurface.Aspire.Testing.csproj" />
    <Project Path="Aspire/ForgeTrust.AppSurface.Aspire.Tests/ForgeTrust.AppSurface.Aspire.Tests.csproj" />
    <Project Path="Aspire/ForgeTrust.AppSurface.Aspire/ForgeTrust.AppSurface.Aspire.csproj" />
  </Folder>
  <Folder Name="/Auth/">
    <Project Path="Auth/ForgeTrust.AppSurface.Auth.Aspire.Keycloak.Tests/ForgeTrust.AppSurface.Auth.Aspire.Keycloak.Tests.csproj" />
    <Project Path="Auth/ForgeTrust.AppSurface.Auth.Aspire.Keycloak/ForgeTrust.AppSurface.Auth.Aspire.Keycloak.csproj" />
    <Project Path="Auth/ForgeTrust.AppSurface.Auth.Aspire.Keycloak/realm-ready/ForgeTrust.AppSurface.Auth.Aspire.Keycloak.RealmReadyWorker.csproj" />
    <Project Path="Auth/ForgeTrust.AppSurface.Auth.AspNetCore.DevAuth.Tests/ForgeTrust.AppSurface.Auth.AspNetCore.DevAuth.Tests.csproj" />
    <Project Path="Auth/ForgeTrust.AppSurface.Auth.AspNetCore.DevAuth/ForgeTrust.AppSurface.Auth.AspNetCore.DevAuth.csproj" />
    <Project Path="Auth/ForgeTrust.AppSurface.Auth.AspNetCore.Oidc.Tests/ForgeTrust.AppSurface.Auth.AspNetCore.Oidc.Tests.csproj" />
    <Project Path="Auth/ForgeTrust.AppSurface.Auth.AspNetCore.Oidc/ForgeTrust.AppSurface.Auth.AspNetCore.Oidc.csproj" />
    <Project Path="Auth/ForgeTrust.AppSurface.Auth.AspNetCore.Tests/ForgeTrust.AppSurface.Auth.AspNetCore.Tests.csproj" />
    <Project Path="Auth/ForgeTrust.AppSurface.Auth.AspNetCore/ForgeTrust.AppSurface.Auth.AspNetCore.csproj" />
    <Project Path="Auth/ForgeTrust.AppSurface.Auth.Testing.Tests/ForgeTrust.AppSurface.Auth.Testing.Tests.csproj" />
    <Project Path="Auth/ForgeTrust.AppSurface.Auth.Testing/ForgeTrust.AppSurface.Auth.Testing.csproj" />
    <Project Path="Auth/ForgeTrust.AppSurface.Auth.Tests/ForgeTrust.AppSurface.Auth.Tests.csproj" />
    <Project Path="Auth/ForgeTrust.AppSurface.Auth/ForgeTrust.AppSurface.Auth.csproj" />
  </Folder>
  <Folder Name="/Benchmarks/">
    <Project Path="benchmarks/AbpSimpleController/AbpSimpleController.csproj" />
    <Project Path="benchmarks/DependencyInjectionControllers/DependencyInjectionControllers.csproj" />
    <Project Path="benchmarks/ManyDependencyInjectionControllers/ManyDependencyInjectionControllers.csproj" />
    <Project Path="benchmarks/AppSurfaceBenchmarks/AppSurfaceBenchmarks.csproj" />
    <Project Path="benchmarks/SimpleApiController/SimpleApiController.csproj" />
  </Folder>
  <Folder Name="/Caching/">
    <Project Path="Caching/ForgeTrust.AppSurface.Caching/ForgeTrust.AppSurface.Caching.csproj" />
    <Project Path="Caching/ForgeTrust.AppSurface.Caching.Tests/ForgeTrust.AppSurface.Caching.Tests.csproj" />
  </Folder>
  <Folder Name="/Cli/">
    <Project Path="Cli/ForgeTrust.AppSurface.Cli.Tests/ForgeTrust.AppSurface.Cli.Tests.csproj" />
    <Project Path="Cli/ForgeTrust.AppSurface.Cli/ForgeTrust.AppSurface.Cli.csproj" />
  </Folder>
  <Folder Name="/Config/">
    <Project Path="Config/ForgeTrust.AppSurface.Config.LocalSecrets.Tests/ForgeTrust.AppSurface.Config.LocalSecrets.Tests.csproj" />
    <Project Path="Config/ForgeTrust.AppSurface.Config.LocalSecrets/ForgeTrust.AppSurface.Config.LocalSecrets.csproj" />
    <Project Path="Config/ForgeTrust.AppSurface.Config.GoogleSecretManager.Tests/ForgeTrust.AppSurface.Config.GoogleSecretManager.Tests.csproj" />
    <Project Path="Config/ForgeTrust.AppSurface.Config.GoogleSecretManager/ForgeTrust.AppSurface.Config.GoogleSecretManager.csproj" />
    <Project Path="Config/ForgeTrust.AppSurface.Config.Tests/ForgeTrust.AppSurface.Config.Tests.csproj" />
    <Project Path="Config/ForgeTrust.AppSurface.Config/ForgeTrust.AppSurface.Config.csproj" />
  </Folder>
  <Folder Name="/Console/">
    <Project Path="Console/ForgeTrust.AppSurface.Console.Tests/ForgeTrust.AppSurface.Console.Tests.csproj" />
    <Project Path="Console/ForgeTrust.AppSurface.Console/ForgeTrust.AppSurface.Console.csproj" />
  </Folder>
  <Folder Name="/Dependency/">
    <Project Path="Dependency/ForgeTrust.AppSurface.Dependency.Autofac.Tests/ForgeTrust.AppSurface.Dependency.Autofac.Tests.csproj" />
    <Project Path="Dependency/ForgeTrust.AppSurface.Dependency.Autofac/ForgeTrust.AppSurface.Dependency.Autofac.csproj" />
  </Folder>
  <Folder Name="/Deployment/">
    <Project Path="Deployment/ForgeTrust.AppSurface.Deployment/ForgeTrust.AppSurface.Deployment.csproj" />
    <Project Path="Deployment/ForgeTrust.AppSurface.Deployment.Tests/ForgeTrust.AppSurface.Deployment.Tests.csproj" />
    <Project Path="Deployment/ForgeTrust.AppSurface.Deployment.GcpCloudRun/ForgeTrust.AppSurface.Deployment.GcpCloudRun.csproj" />
    <Project Path="Deployment/ForgeTrust.AppSurface.Deployment.GcpCloudRun.Tests/ForgeTrust.AppSurface.Deployment.GcpCloudRun.Tests.csproj" />
  </Folder>
  <Folder Name="/Evidence/">
    <Project Path="Evidence/ForgeTrust.AppSurface.Evidence.Aspire/ForgeTrust.AppSurface.Evidence.Aspire.csproj" />
    <Project Path="Evidence/ForgeTrust.AppSurface.Evidence.Cli/ForgeTrust.AppSurface.Evidence.Cli.csproj" />
    <Project Path="Evidence/ForgeTrust.AppSurface.Evidence.Coverage/ForgeTrust.AppSurface.Evidence.Coverage.csproj" />
    <Project Path="Evidence/ForgeTrust.AppSurface.Evidence.Contracts/ForgeTrust.AppSurface.Evidence.Contracts.csproj" />
    <Project Path="Evidence/ForgeTrust.AppSurface.Evidence.Planner/ForgeTrust.AppSurface.Evidence.Planner.csproj" />
  </Folder>
  <Folder Name="/Durable/">
    <Project Path="Durable/ForgeTrust.AppSurface.Durable.PostgreSql.Tests/ForgeTrust.AppSurface.Durable.PostgreSql.Tests.csproj" />
    <Project Path="Durable/ForgeTrust.AppSurface.Durable.PostgreSql/ForgeTrust.AppSurface.Durable.PostgreSql.csproj" />
    <Project Path="Durable/ForgeTrust.AppSurface.Durable.Provider.Tests/ForgeTrust.AppSurface.Durable.Provider.Tests.csproj" />
    <Project Path="Durable/ForgeTrust.AppSurface.Durable.Provider/ForgeTrust.AppSurface.Durable.Provider.csproj" />
    <Project Path="Durable/ForgeTrust.AppSurface.Durable.Tests/ForgeTrust.AppSurface.Durable.Tests.csproj" />
    <Project Path="Durable/ForgeTrust.AppSurface.Durable/ForgeTrust.AppSurface.Durable.csproj" />
  </Folder>
  <Folder Name="/Examples/">
    <Project Path="examples/durable-postgresql/DurablePostgreSqlLocalExample.csproj" />
    <Project Path="examples/durable-postgresql.tests/DurablePostgreSqlLocalExample.Tests.csproj" />
    <Project Path="examples/auth-aspire-keycloak-apphost/AuthAspireKeycloakAppHost.csproj" />
    <Project Path="examples/auth-aspire-keycloak-candidate-fixture/AuthAspireKeycloakCandidateFixture.csproj" />
    <Project Path="examples/auth-aspire-keycloak-identity-bootstrap/AuthAspireKeycloakIdentityBootstrap.csproj" />
    <Project Path="examples/auth-aspire-keycloak-lifecycle-worker/AuthAspireKeycloakLifecycleWorker.csproj" />
    <Project Path="examples/auth-aspire-keycloak-local-seed-store/AuthAspireKeycloakLocalSeedStore.csproj" />
    <Project Path="examples/auth-aspire-keycloak-local-seed-store.tests/AuthAspireKeycloakLocalSeedStore.Tests.csproj" />
    <Project Path="examples/auth-aspire-keycloak-readiness-gate/AuthAspireKeycloakReadinessGate.csproj" />
    <Project Path="examples/auth-aspire-keycloak-verifier/AuthAspireKeycloakVerifier.csproj" />
    <Project Path="examples/auth-aspire-keycloak-web/AuthAspireKeycloakWeb.csproj" />
    <Project Path="examples/auth-aspnetcore-dev-auth.tests/AuthAspNetCoreDevAuthExample.Tests.csproj" />
    <Project Path="examples/auth-aspnetcore-dev-auth/AuthAspNetCoreDevAuthExample.csproj" />
    <Project Path="examples/auth-aspnetcore-bridge/AuthAspNetCoreBridgeExample.csproj" />
    <Project Path="examples/auth-aspnetcore-oidc/AuthAspNetCoreOidcExample.csproj" />
    <Project Path="examples/auth-web-razorwire-proof/AuthWebRazorWireProofExample.csproj" />
    <Project Path="examples/auth-web-razorwire-proof.tests/AuthWebRazorWireProofExample.Tests.csproj" />
    <Project Path="examples/aspire-apphost/AspireAppHostExample.csproj" />
    <Project Path="examples/aspire-apphost.Tests/AspireAppHostExample.Tests.csproj" />
    <Project Path="examples/aspire-deployment-apphost/AspireDeploymentAppHostExample.csproj" />
    <Project Path="examples/config-validation/ConfigValidationExample.csproj" />
    <Project Path="examples/console-app/ConsoleAppExample.csproj" />
    <Project Path="examples/local-secrets/LocalSecretsExample.csproj" />
    <Project Path="examples/flow-generated-authoring/FlowGeneratedAuthoringExample.csproj" />
    <Project Path="examples/flow-approval-local/FlowApprovalLocalExample.csproj" />
    <Project Path="examples/named-canary-lab.Tests/NamedCanaryLab.Tests.csproj" />
    <Project Path="examples/named-canary-lab/NamedCanaryLab.csproj" />
    <Project Path="examples/product-readiness-lab/ProductReadinessLab.csproj" />
    <Project Path="examples/product-readiness-lab-apphost/ProductReadinessLabAppHost.csproj" />
    <Project Path="examples/product-readiness-lab.Tests/ProductReadinessLab.Tests.csproj" />
    <Project Path="examples/product-readiness-lab-verifier/ProductReadinessLabVerifier.csproj" />
    <Project Path="examples/razorwire-brochure-starter.tests/NorthstarBrochureStarter.Tests.csproj" />
    <Project Path="examples/razorwire-brochure-starter/NorthstarBrochureStarter.csproj" />
    <Project Path="examples/web-app/WebAppExample.csproj" />
    <Project Path="examples/web-error-pages/WebErrorPagesExample.csproj" />
    <Project Path="examples/tenant-theme-selection/TenantThemeSelectionExample.csproj" />
    <Project Path="examples/web-pwa-install/WebPwaInstallExample.csproj" />
  </Folder>
  <Folder Name="/Flow/">
    <Project Path="Flow/ForgeTrust.AppSurface.Flow/ForgeTrust.AppSurface.Flow.csproj" />
    <Project Path="Flow/ForgeTrust.AppSurface.Flow.Generators/ForgeTrust.AppSurface.Flow.Generators.csproj" />
    <Project Path="Flow/ForgeTrust.AppSurface.Flow.Generators.Tests/ForgeTrust.AppSurface.Flow.Generators.Tests.csproj" />
    <Project Path="Flow/ForgeTrust.AppSurface.Flow.Tests/ForgeTrust.AppSurface.Flow.Tests.csproj" />
    <Project Path="Flow/ForgeTrust.AppSurface.Flow.DurableTask/ForgeTrust.AppSurface.Flow.DurableTask.csproj" />
    <Project Path="Flow/ForgeTrust.AppSurface.Flow.DurableTask.Tests/ForgeTrust.AppSurface.Flow.DurableTask.Tests.csproj" />
  </Folder>
  <Folder Name="/Workers/">
    <Project Path="Workers/ForgeTrust.AppSurface.Workers/ForgeTrust.AppSurface.Workers.csproj" />
    <Project Path="Workers/ForgeTrust.AppSurface.Workers.Tests/ForgeTrust.AppSurface.Workers.Tests.csproj" />
    <Project Path="Workers/ForgeTrust.AppSurface.Workers.DurableTask/ForgeTrust.AppSurface.Workers.DurableTask.csproj" />
    <Project Path="Workers/ForgeTrust.AppSurface.Workers.DurableTask.Tests/ForgeTrust.AppSurface.Workers.DurableTask.Tests.csproj" />
  </Folder>
  <Folder Name="/Intelligence/">
    <Project Path="Intelligence/ForgeTrust.AppSurface.Intelligence/ForgeTrust.AppSurface.Intelligence.csproj" />
    <Project Path="Intelligence/ForgeTrust.AppSurface.Intelligence.Tests/ForgeTrust.AppSurface.Intelligence.Tests.csproj" />
  </Folder>
  <Folder Name="/Observability/">
    <Project Path="Observability/ForgeTrust.AppSurface.Observability/ForgeTrust.AppSurface.Observability.csproj" />
    <Project Path="Observability/ForgeTrust.AppSurface.Observability.Tests/ForgeTrust.AppSurface.Observability.Tests.csproj" />
  </Folder>
  <Folder Name="/Examples/razorwire-mvc/">
    <Project Path="examples/razorwire-mvc/RazorWireWebExample.csproj" />
  </Folder>
  <Folder Name="/tools/">
    <Project Path="tools/ForgeTrust.AppSurface.MarkdownSnippets.Tests/ForgeTrust.AppSurface.MarkdownSnippets.Tests.csproj" />
    <Project Path="tools/ForgeTrust.AppSurface.MarkdownSnippets/ForgeTrust.AppSurface.MarkdownSnippets.csproj" />
    <Project Path="tools/ForgeTrust.AppSurface.PackageIndex.Tests/ForgeTrust.AppSurface.PackageIndex.Tests.csproj" />
    <Project Path="tools/ForgeTrust.AppSurface.PackageIndex/ForgeTrust.AppSurface.PackageIndex.csproj" />
    <Project Path="tools/ForgeTrust.AppSurface.ReleaseContracts/ForgeTrust.AppSurface.ReleaseContracts.csproj" />
    <Project Path="tools/ForgeTrust.AppSurface.Release.Tests/ForgeTrust.AppSurface.Release.Tests.csproj" />
    <Project Path="tools/ForgeTrust.AppSurface.Release/ForgeTrust.AppSurface.Release.csproj" />
  </Folder>
  <Folder Name="/tests/">
    <Project Path="tests/ForgeTrust.AppSurface.Testing/ForgeTrust.AppSurface.Testing.csproj" />
    <Project Path="tests/ForgeTrust.AppSurface.Testing.Tests/ForgeTrust.AppSurface.Testing.Tests.csproj" />
  </Folder>
  <Folder Name="/Theming/">
    <Project Path="ForgeTrust.AppSurface.Theming.Tests/ForgeTrust.AppSurface.Theming.Tests.csproj" />
    <Project Path="ForgeTrust.AppSurface.Theming/ForgeTrust.AppSurface.Theming.csproj" />
  </Folder>
  <Folder Name="/Web/">
    <Project Path="Web/ForgeTrust.AppSurface.Web.Push.Tests/ForgeTrust.AppSurface.Web.Push.Tests.csproj" />
    <Project Path="Web/ForgeTrust.AppSurface.Web.Push/ForgeTrust.AppSurface.Web.Push.csproj" />
    <Project Path="Web/ForgeTrust.RazorWire.IntegrationTests/ForgeTrust.RazorWire.IntegrationTests.csproj" />
    <Project Path="Web/ForgeTrust.RazorWire.Auth.AspNetCore.Tests/ForgeTrust.RazorWire.Auth.AspNetCore.Tests.csproj" />
    <Project Path="Web/ForgeTrust.RazorWire.Auth.AspNetCore/ForgeTrust.RazorWire.Auth.AspNetCore.csproj" />
    <Project Path="Web/ForgeTrust.RazorWire.Cli.Tests/ForgeTrust.RazorWire.Cli.Tests.csproj" />
    <Project Path="Web/ForgeTrust.RazorWire.Cli/ForgeTrust.RazorWire.Cli.csproj" />
    <Project Path="Web/ForgeTrust.RazorWire.Tests/ForgeTrust.RazorWire.Tests.csproj" />
    <Project Path="Web/ForgeTrust.RazorWire/ForgeTrust.RazorWire.csproj" />
    <Project Path="Web/ForgeTrust.AppSurface.Docs.ConsumerFixture/ForgeTrust.AppSurface.Docs.ConsumerFixture.csproj" />
    <Project Path="Web/ForgeTrust.AppSurface.Docs.Tests/ForgeTrust.AppSurface.Docs.Tests.csproj" />
    <Project Path="Web/ForgeTrust.AppSurface.Docs/ForgeTrust.AppSurface.Docs.csproj" />
    <Project Path="Web/ForgeTrust.AppSurface.Docs.Standalone/ForgeTrust.AppSurface.Docs.Standalone.csproj" />
    <Project Path="Web/ForgeTrust.AppSurface.Web.OpenApi.Tests/ForgeTrust.AppSurface.Web.OpenApi.Tests.csproj" />
    <Project Path="Web/ForgeTrust.AppSurface.Web.OpenApi/ForgeTrust.AppSurface.Web.OpenApi.csproj" />
    <Project Path="Web/ForgeTrust.AppSurface.Web.Scalar.Tests/ForgeTrust.AppSurface.Web.Scalar.Tests.csproj" />
    <Project Path="Web/ForgeTrust.AppSurface.Web.Scalar/ForgeTrust.AppSurface.Web.Scalar.csproj" />
    <Project Path="Web/ForgeTrust.AppSurface.Web.Tailwind/ForgeTrust.AppSurface.Web.Tailwind.csproj" />
    <Project Path="Web/ForgeTrust.AppSurface.Web.Tailwind.Tasks/ForgeTrust.AppSurface.Web.Tailwind.Tasks.csproj" />
    <Project Path="Web/ForgeTrust.AppSurface.Web.Tailwind.Tests/ForgeTrust.AppSurface.Web.Tailwind.Tests.csproj" />
    <Project Path="Web/ForgeTrust.AppSurface.Web.Tests/ForgeTrust.AppSurface.Web.Tests.csproj" />
    <Project Path="Web/ForgeTrust.AppSurface.Web/ForgeTrust.AppSurface.Web.csproj" />
  </Folder>
  <Folder Name="/Web/ForgeTrust.AppSurface.Web.Tailwind/" />
  <Folder Name="/Web/ForgeTrust.AppSurface.Web.Tailwind/runtimes/">
    <Project Path="Web/ForgeTrust.AppSurface.Web.Tailwind/runtimes/ForgeTrust.AppSurface.Web.Tailwind.Runtime.linux-arm64.csproj" />
    <Project Path="Web/ForgeTrust.AppSurface.Web.Tailwind/runtimes/ForgeTrust.AppSurface.Web.Tailwind.Runtime.linux-x64.csproj" />
    <Project Path="Web/ForgeTrust.AppSurface.Web.Tailwind/runtimes/ForgeTrust.AppSurface.Web.Tailwind.Runtime.osx-arm64.csproj" />
    <Project Path="Web/ForgeTrust.AppSurface.Web.Tailwind/runtimes/ForgeTrust.AppSurface.Web.Tailwind.Runtime.osx-x64.csproj" />
    <Project Path="Web/ForgeTrust.AppSurface.Web.Tailwind/runtimes/ForgeTrust.AppSurface.Web.Tailwind.Runtime.win-x64.csproj" />
  </Folder>
  <Project Path="ForgeTrust.AppSurface.Core.Tests/ForgeTrust.AppSurface.Core.Tests.csproj" />
  <Project Path="ForgeTrust.AppSurface.Core/ForgeTrust.AppSurface.Core.csproj" />
</Solution>
