{
  "version": 2,
  "dependencies": {
    "net10.0": {
      "Volo.Abp.AspNetCore.Mvc": {
        "type": "Direct",
        "requested": "[9.3.1, )",
        "resolved": "9.3.1",
        "contentHash": "+eylCD317dlwfN9RKzs42D9Tul4/mYPXg7JM/ANZ3m/dPL+TvAewOrv/Oo3YQUOIPgvkIpy+VSpfidRR0SPmoQ==",
        "dependencies": {
          "Asp.Versioning.Mvc": "8.1.0",
          "Asp.Versioning.Mvc.ApiExplorer": "8.1.0",
          "Microsoft.AspNetCore.Mvc.Razor.RuntimeCompilation": "9.0.5",
          "Volo.Abp.ApiVersioning.Abstractions": "9.3.1",
          "Volo.Abp.AspNetCore": "9.3.1",
          "Volo.Abp.AspNetCore.Mvc.Contracts": "9.3.1",
          "Volo.Abp.Ddd.Application": "9.3.1",
          "Volo.Abp.GlobalFeatures": "9.3.1",
          "Volo.Abp.Localization": "9.3.1",
          "Volo.Abp.UI.Navigation": "9.3.1"
        }
      },
      "Asp.Versioning.Abstractions": {
        "type": "Transitive",
        "resolved": "8.1.0",
        "contentHash": "mpeNZyMdvrHztJwR1sXIUQ+3iioEU97YMBnFA9WLbsPOYhGwDJnqJMmEd8ny7kcmS9OjTHoEuX/bSXXY3brIFA=="
      },
      "Asp.Versioning.Http": {
        "type": "Transitive",
        "resolved": "8.1.0",
        "contentHash": "Xu4xF62Cu9JqYi/CTa2TiK5kyHoa4EluPynj/bPFWDmlTIPzuJQbBI5RgFYVRFHjFVvWMoA77acRaFu7i7Wzqg==",
        "dependencies": {
          "Asp.Versioning.Abstractions": "8.1.0"
        }
      },
      "Asp.Versioning.Mvc": {
        "type": "Transitive",
        "resolved": "8.1.0",
        "contentHash": "BMAJM2sGsTUw5FQ9upKQt6GFoldWksePgGpYjl56WSRvIuE3UxKZh0gAL+wDTIfLshUZm97VCVxlOGyrcjWz9Q==",
        "dependencies": {
          "Asp.Versioning.Http": "8.1.0"
        }
      },
      "Asp.Versioning.Mvc.ApiExplorer": {
        "type": "Transitive",
        "resolved": "8.1.0",
        "contentHash": "a90gW/4TF/14Bjiwg9LqNtdKGC4G3gu02+uynq3bCISfQm48km5chny4Yg5J4hixQPJUwwJJ9Do1G+jM8L9h3g==",
        "dependencies": {
          "Asp.Versioning.Mvc": "8.1.0"
        }
      },
      "AsyncKeyedLock": {
        "type": "Transitive",
        "resolved": "7.1.6",
        "contentHash": "zoYk4WqHuTxU/OMAaMfy+1Jgvg4K8wlxU13P/AOHXcX4POOVNRLBgB0o15cUH2ixRScdKX8YXOQGsJ5piJlx6w=="
      },
      "IdentityModel": {
        "type": "Transitive",
        "resolved": "7.0.0",
        "contentHash": "to99aLL5Gev1GOb2gUao/UZXT/uXMyjEmHPNrf/vJI2HBD1LMCTeC4SBCe/cqMIB12V9v+eSieq7ff0lju9pOQ=="
      },
      "JetBrains.Annotations": {
        "type": "Transitive",
        "resolved": "2024.3.0",
        "contentHash": "ox5pkeLQXjvJdyAB4b2sBYAlqZGLh3PjSnP1bQNVx72ONuTJ9+34/+Rq91Fc0dG29XG9RgZur9+NcP4riihTug=="
      },
      "Microsoft.AspNetCore.Authentication.OpenIdConnect": {
        "type": "Transitive",
        "resolved": "9.0.5",
        "contentHash": "bTZm2vTbJGTTtuW41E7sBP1p2tMgKQBbKULBuE6YvtwOK4/gzjXcD2n9pfWfloayfOvxCRwJYJ5deJhuQiIOeg==",
        "dependencies": {
          "Microsoft.IdentityModel.Protocols.OpenIdConnect": "8.0.1"
        }
      },
      "Microsoft.AspNetCore.Mvc.Razor.Extensions": {
        "type": "Transitive",
        "resolved": "6.0.0",
        "contentHash": "M0h+ChPgydX2xY17agiphnAVa/Qh05RAP8eeuqGGhQKT10claRBlLNO6d2/oSV8zy0RLHzwLnNZm5xuC/gckGA==",
        "dependencies": {
          "Microsoft.AspNetCore.Razor.Language": "6.0.0",
          "Microsoft.CodeAnalysis.Razor": "6.0.0"
        }
      },
      "Microsoft.AspNetCore.Razor.Language": {
        "type": "Transitive",
        "resolved": "6.0.0",
        "contentHash": "yCtBr1GSGzJrrp1NJUb4ltwFYMKHw/tJLnIDvg9g/FnkGIEzmE19tbCQqXARIJv5kdtBgsoVIdGLL+zmjxvM/A=="
      },
      "Microsoft.Bcl.AsyncInterfaces": {
        "type": "Transitive",
        "resolved": "9.0.5",
        "contentHash": "eNQDjbtFj8kOLxbckCbn2JXTsnzK8+xkA4jg7NULO9jhIvlOSngC9BFzmiqVPpw1INQaP1pQ3YteY2XhfWNjtQ=="
      },
      "Microsoft.CodeAnalysis.Analyzers": {
        "type": "Transitive",
        "resolved": "3.11.0",
        "contentHash": "v/EW3UE8/lbEYHoC2Qq7AR/DnmvpgdtAMndfQNmpuIMx/Mto8L5JnuCfdBYtgvalQOtfNCnxFejxuRrryvUTsg=="
      },
      "Microsoft.CodeAnalysis.Common": {
        "type": "Transitive",
        "resolved": "5.0.0",
        "contentHash": "ZXRAdvH6GiDeHRyd3q/km8Z44RoM6FBWHd+gen/la81mVnAdHTEsEkO5J0TCNXBymAcx5UYKt5TvgKBhaLJEow==",
        "dependencies": {
          "Microsoft.CodeAnalysis.Analyzers": "3.11.0"
        }
      },
      "Microsoft.CodeAnalysis.Razor": {
        "type": "Transitive",
        "resolved": "6.0.0",
        "contentHash": "uqdzuQXxD7XrJCbIbbwpI/LOv0PBJ9VIR0gdvANTHOfK5pjTaCir+XcwvYvBZ5BIzd0KGzyiamzlEWw1cK1q0w==",
        "dependencies": {
          "Microsoft.AspNetCore.Razor.Language": "6.0.0",
          "Microsoft.CodeAnalysis.CSharp": "4.0.0",
          "Microsoft.CodeAnalysis.Common": "4.0.0"
        }
      },
      "Microsoft.Extensions.Caching.Hybrid": {
        "type": "Transitive",
        "resolved": "9.4.0",
        "contentHash": "GtHP+DRraRM6RLq7TzUV8Iiyqm+WemJRLDNqy7uvA+Dgf6fjvxpmHnzgPb+RAcRNjADz961DMHHZ4i5EQjpDPw=="
      },
      "Microsoft.Extensions.DependencyModel": {
        "type": "Transitive",
        "resolved": "9.0.5",
        "contentHash": "+jdJ9Vz+5Ia21l3KjahtmeHCIgQ7urfkdcJPxSfeqB40Jqryi27Lt4fKBmKyvc0YrfTUJ0cEB7QmoQRlU8FH0g=="
      },
      "Microsoft.Extensions.FileProviders.Embedded": {
        "type": "Transitive",
        "resolved": "9.0.5",
        "contentHash": "tgYXJtPa72hYrQuw+pqJvvhUOOQtZuk5jhRZINxIgR0cXwe4bLCQhCGffN+Ad4+AIQOlz4YyOc+GX+unsHc9Kg=="
      },
      "Microsoft.IdentityModel.Abstractions": {
        "type": "Transitive",
        "resolved": "8.0.1",
        "contentHash": "OtlIWcyX01olfdevPKZdIPfBEvbcioDyBiE/Z2lHsopsMD7twcKtlN9kMevHmI5IIPhFpfwCIiR6qHQz1WHUIw=="
      },
      "Microsoft.IdentityModel.JsonWebTokens": {
        "type": "Transitive",
        "resolved": "8.0.1",
        "contentHash": "s6++gF9x0rQApQzOBbSyp4jUaAlwm+DroKfL8gdOHxs83k8SJfUXhuc46rDB3rNXBQ1MVRxqKUrqFhO/M0E97g==",
        "dependencies": {
          "Microsoft.IdentityModel.Tokens": "8.0.1"
        }
      },
      "Microsoft.IdentityModel.Logging": {
        "type": "Transitive",
        "resolved": "8.0.1",
        "contentHash": "UCPF2exZqBXe7v/6sGNiM6zCQOUXXQ9+v5VTb9gPB8ZSUPnX53BxlN78v2jsbIvK9Dq4GovQxo23x8JgWvm/Qg==",
        "dependencies": {
          "Microsoft.IdentityModel.Abstractions": "8.0.1"
        }
      },
      "Microsoft.IdentityModel.Protocols": {
        "type": "Transitive",
        "resolved": "8.0.1",
        "contentHash": "uA2vpKqU3I2mBBEaeJAWPTjT9v1TZrGWKdgK6G5qJd03CLx83kdiqO9cmiK8/n1erkHzFBwU/RphP83aAe3i3g==",
        "dependencies": {
          "Microsoft.IdentityModel.Tokens": "8.0.1"
        }
      },
      "Microsoft.IdentityModel.Protocols.OpenIdConnect": {
        "type": "Transitive",
        "resolved": "8.0.1",
        "contentHash": "AQDbfpL+yzuuGhO/mQhKNsp44pm5Jv8/BI4KiFXR7beVGZoSH35zMV3PrmcfvSTsyI6qrcR898NzUauD6SRigg==",
        "dependencies": {
          "Microsoft.IdentityModel.Protocols": "8.0.1",
          "System.IdentityModel.Tokens.Jwt": "8.0.1"
        }
      },
      "Microsoft.IdentityModel.Tokens": {
        "type": "Transitive",
        "resolved": "8.0.1",
        "contentHash": "kDimB6Dkd3nkW2oZPDkMkVHfQt3IDqO5gL0oa8WVy3OP4uE8Ij+8TXnqg9TOd9ufjsY3IDiGz7pCUbnfL18tjg==",
        "dependencies": {
          "Microsoft.IdentityModel.Logging": "8.0.1"
        }
      },
      "MyCSharp.HttpUserAgentParser": {
        "type": "Transitive",
        "resolved": "3.0.25",
        "contentHash": "8sZJUW35PbhWHiDMOB/vk9ucXZE6v/uTRDKb5CEsw9bQ4XxbBZ42RODPVAttGybDgi3XM4qHy1XSHAnO9hexBg=="
      },
      "Nito.AsyncEx.Context": {
        "type": "Transitive",
        "resolved": "5.1.2",
        "contentHash": "rMwL7Nj3oNyvFu/jxUzQ/YBobEkM2RQHe+5mpCDRyq6mfD7vCj7Z3rjB6XgpM6Mqcx1CA2xGv0ascU/2Xk8IIg==",
        "dependencies": {
          "Nito.AsyncEx.Tasks": "5.1.2"
        }
      },
      "Nito.AsyncEx.Tasks": {
        "type": "Transitive",
        "resolved": "5.1.2",
        "contentHash": "jEkCfR2/M26OK/U4G7SEN063EU/F4LiVA06TtpZILMdX/quIHCg+wn31Zerl2LC+u1cyFancjTY3cNAr2/89PA==",
        "dependencies": {
          "Nito.Disposables": "2.2.1"
        }
      },
      "Nito.Disposables": {
        "type": "Transitive",
        "resolved": "2.2.1",
        "contentHash": "6sZ5uynQeAE9dPWBQGKebNmxbY4xsvcc5VplB5WkYEESUS7oy4AwnFp0FhqxTSKm/PaFrFqLrYr696CYN8cugg=="
      },
      "NUglify": {
        "type": "Transitive",
        "resolved": "1.21.15",
        "contentHash": "Vxwg0EjbM/gmILPtzfmzlf0MDu9a17OQb8b57oTgoHoRsZNHWIFQFa00Izcvuam3Hbw2eH272TfczDRHSXgSlA=="
      },
      "System.IdentityModel.Tokens.Jwt": {
        "type": "Transitive",
        "resolved": "8.0.1",
        "contentHash": "GJw3bYkWpOgvN3tJo5X4lYUeIFA2HD293FPUhKmp7qxS+g5ywAb34Dnd3cDAFLkcMohy5XTpoaZ4uAHuw0uSPQ==",
        "dependencies": {
          "Microsoft.IdentityModel.JsonWebTokens": "8.0.1",
          "Microsoft.IdentityModel.Tokens": "8.0.1"
        }
      },
      "System.Linq.Dynamic.Core": {
        "type": "Transitive",
        "resolved": "1.6.2",
        "contentHash": "piIcdelf4dGotuIjFlyu7JLIZkYTmYM0ZTLGpCcxs9iCJFflhJht0nchkIV+GS5wfA3OtC3QNjIcUqyOdBdOsA=="
      },
      "TimeZoneConverter": {
        "type": "Transitive",
        "resolved": "7.0.0",
        "contentHash": "sFbY65N/5GdsHx7nkdHFHUG+5Ar4W0w6Aks7Y2X+Q4NOTw6XyX2Il7jm+4tPkc//4mA3nG0RdxI8gKgoJitdLw=="
      },
      "Volo.Abp.ApiVersioning.Abstractions": {
        "type": "Transitive",
        "resolved": "9.3.1",
        "contentHash": "fpBzDopzEJju8pUBlLIpQ317zk/JLKjShcH1qgM0/6UAzC5h2ZYM0CW/XwMPXOzz1fBfSTnFRwvi7Gc2aXWXgQ==",
        "dependencies": {
          "Volo.Abp.Core": "9.3.1"
        }
      },
      "Volo.Abp.AspNetCore.Abstractions": {
        "type": "Transitive",
        "resolved": "9.3.1",
        "contentHash": "h7UA2tVP0cLLBWr7miUu70n4Jzno2k9cv0PzBxC7/SDLzPjovy5UU0UwAmiDZazQQ3QNzlWr3o58fXwO7QwuQA==",
        "dependencies": {
          "Volo.Abp.Core": "9.3.1"
        }
      },
      "Volo.Abp.AspNetCore.Mvc.Contracts": {
        "type": "Transitive",
        "resolved": "9.3.1",
        "contentHash": "OqqosM9UTFp1nH2oJqt5DEa1gxex9vU+s0eEU+iO6YQqFCFfvzhEZaqP4xr+bbnKvkYBW9fObDpQBlS7ntep8Q==",
        "dependencies": {
          "Volo.Abp.Ddd.Application.Contracts": "9.3.1"
        }
      },
      "Volo.Abp.Auditing": {
        "type": "Transitive",
        "resolved": "9.3.1",
        "contentHash": "FgmmamthppMs4opxJOXiQBZVXz7M71kulo97mvi0P2ycHP0W7ldPqrPdrIH/pVlLHJSj3YljlBsjvvrKJQ4/Bg==",
        "dependencies": {
          "Volo.Abp.Auditing.Contracts": "9.3.1",
          "Volo.Abp.Data": "9.3.1",
          "Volo.Abp.Json": "9.3.1",
          "Volo.Abp.MultiTenancy": "9.3.1",
          "Volo.Abp.Security": "9.3.1",
          "Volo.Abp.Threading": "9.3.1",
          "Volo.Abp.Timing": "9.3.1"
        }
      },
      "Volo.Abp.Auditing.Contracts": {
        "type": "Transitive",
        "resolved": "9.3.1",
        "contentHash": "5u+lKCDv2FHzDN18O8ORvhMBUm1O8R0/mAz3kJUjMmL1khMUaY5Gh4VgR/U8leOilngHBtKnNGdPchdKpeuFmw==",
        "dependencies": {
          "Volo.Abp.Core": "9.3.1"
        }
      },
      "Volo.Abp.Authorization": {
        "type": "Transitive",
        "resolved": "9.3.1",
        "contentHash": "jQYJdN6xE8XPBaz/ChDWKZrd4l13WaCjcX6gF9kalqgyPoprgB2D7xdEnE2+DFZbBNIYxjqhIbnB6nIBlRGn4A==",
        "dependencies": {
          "Volo.Abp.Authorization.Abstractions": "9.3.1",
          "Volo.Abp.Localization": "9.3.1",
          "Volo.Abp.MultiTenancy": "9.3.1",
          "Volo.Abp.Security": "9.3.1"
        }
      },
      "Volo.Abp.Authorization.Abstractions": {
        "type": "Transitive",
        "resolved": "9.3.1",
        "contentHash": "2rHXOy1kAkw6XuZzRJFQoAyr7J6nQIww/RHtuQwOO1KXSCu0NqdaS/wxqLOpsnOC5LHFvXj5BOGXW/bqbzKJvQ==",
        "dependencies": {
          "Volo.Abp.MultiTenancy.Abstractions": "9.3.1"
        }
      },
      "Volo.Abp.BackgroundWorkers": {
        "type": "Transitive",
        "resolved": "9.3.1",
        "contentHash": "hZUx8Q9KRnQ4ayTpyysrkcdKiXLDUg4uC03CRrMbOFGkbvVt/a8jcI/NwyJT5R7XR7BcjxSrzl73KPbwqlfxTw==",
        "dependencies": {
          "Volo.Abp.Data": "9.3.1",
          "Volo.Abp.Threading": "9.3.1"
        }
      },
      "Volo.Abp.Caching": {
        "type": "Transitive",
        "resolved": "9.3.1",
        "contentHash": "QeHEWBzGTMQxyKqHsgjb72kGea251ZKL7LcJyMDc/iAFEzzRxXfbJDYQw6wPwF157c9Y+mCxz6+Ue4cDUsKRVw==",
        "dependencies": {
          "Microsoft.Extensions.Caching.Hybrid": "9.4.0",
          "Volo.Abp.Json": "9.3.1",
          "Volo.Abp.MultiTenancy": "9.3.1",
          "Volo.Abp.Serialization": "9.3.1",
          "Volo.Abp.Threading": "9.3.1"
        }
      },
      "Volo.Abp.Data": {
        "type": "Transitive",
        "resolved": "9.3.1",
        "contentHash": "ynKneiZjZPnK3IhmKdjX+7VGxyBihHCazfXIqpnPAeS9tBwUy1CsyceoWrhUcvQBJtMgev7oZRqZhKWiUmNWyw==",
        "dependencies": {
          "Volo.Abp.EventBus.Abstractions": "9.3.1",
          "Volo.Abp.ObjectExtending": "9.3.1",
          "Volo.Abp.Uow": "9.3.1"
        }
      },
      "Volo.Abp.Ddd.Application": {
        "type": "Transitive",
        "resolved": "9.3.1",
        "contentHash": "DAB6Pn69sv08//Y6znpVhGofPgjhBizxAI/wqh+cCbsHMVtpGKAZNYLEqGCD0ggyhM0typxhLeMYmF2JexfN4w==",
        "dependencies": {
          "Volo.Abp.Authorization": "9.3.1",
          "Volo.Abp.Ddd.Application.Contracts": "9.3.1",
          "Volo.Abp.Ddd.Domain": "9.3.1",
          "Volo.Abp.Features": "9.3.1",
          "Volo.Abp.GlobalFeatures": "9.3.1",
          "Volo.Abp.Http.Abstractions": "9.3.1",
          "Volo.Abp.Localization": "9.3.1",
          "Volo.Abp.ObjectMapping": "9.3.1",
          "Volo.Abp.Security": "9.3.1",
          "Volo.Abp.Settings": "9.3.1",
          "Volo.Abp.Validation": "9.3.1"
        }
      },
      "Volo.Abp.Ddd.Application.Contracts": {
        "type": "Transitive",
        "resolved": "9.3.1",
        "contentHash": "rYr4uxby5PJhi6usRz0iNrCL36thzbpRxQ2dFc4/ZEWJiWVsqUEK06IGtBztPrIqy+nUk4GPHQmGYGikZjYBlQ==",
        "dependencies": {
          "Volo.Abp.Auditing.Contracts": "9.3.1",
          "Volo.Abp.Data": "9.3.1",
          "Volo.Abp.Localization": "9.3.1"
        }
      },
      "Volo.Abp.Ddd.Domain": {
        "type": "Transitive",
        "resolved": "9.3.1",
        "contentHash": "9lk/fs+hXu7TjIkqKIF9c70X+7oCgRGv/4oFcZY2TTwKkrnEmQM7311jJfiwoxsQQiZL5fsXYCG7vqdnS19vDw==",
        "dependencies": {
          "Volo.Abp.Auditing": "9.3.1",
          "Volo.Abp.Caching": "9.3.1",
          "Volo.Abp.Data": "9.3.1",
          "Volo.Abp.Ddd.Domain.Shared": "9.3.1",
          "Volo.Abp.EventBus": "9.3.1",
          "Volo.Abp.ExceptionHandling": "9.3.1",
          "Volo.Abp.Guids": "9.3.1",
          "Volo.Abp.ObjectMapping": "9.3.1",
          "Volo.Abp.Specifications": "9.3.1",
          "Volo.Abp.Timing": "9.3.1"
        }
      },
      "Volo.Abp.Ddd.Domain.Shared": {
        "type": "Transitive",
        "resolved": "9.3.1",
        "contentHash": "QL3trz8sIwnloVJsFkSIdnxUA5vAeUlnssuzYfAqYAoyQBh1auUDwjFeLYi+EfzWDPpJGc5HYhU9/WZO+Xsvrw==",
        "dependencies": {
          "Volo.Abp.EventBus.Abstractions": "9.3.1",
          "Volo.Abp.MultiTenancy.Abstractions": "9.3.1"
        }
      },
      "Volo.Abp.DistributedLocking.Abstractions": {
        "type": "Transitive",
        "resolved": "9.3.1",
        "contentHash": "hMvqrPvmS+V74823O0635aQ7cAEbP6Dvrr4Ss05F9OqBPOruixaxOSiCoC2AxbPUfOeE6R6+eSeeVZJYKm/knQ==",
        "dependencies": {
          "AsyncKeyedLock": "7.1.6",
          "Microsoft.Bcl.AsyncInterfaces": "9.0.5",
          "Volo.Abp.Core": "9.3.1"
        }
      },
      "Volo.Abp.EventBus": {
        "type": "Transitive",
        "resolved": "9.3.1",
        "contentHash": "ieLNQZOQFzIKNJiVv4UBm3/6cEEMPfVAgZMTI6OJWhUl/ieDAYUzmkOUnrtGdd2D5m0agWx6LRH5fFCFZ63kUQ==",
        "dependencies": {
          "Volo.Abp.BackgroundWorkers": "9.3.1",
          "Volo.Abp.DistributedLocking.Abstractions": "9.3.1",
          "Volo.Abp.EventBus.Abstractions": "9.3.1",
          "Volo.Abp.Guids": "9.3.1",
          "Volo.Abp.Json": "9.3.1",
          "Volo.Abp.MultiTenancy": "9.3.1"
        }
      },
      "Volo.Abp.EventBus.Abstractions": {
        "type": "Transitive",
        "resolved": "9.3.1",
        "contentHash": "ncKL0a0lqUu+bYPZ5q0xwVG6eS0/y6jheAWd4t+bWwMZabdZdWa+sUYkMjTXVmPx1Oz8bR4Xw61N/XGr9DvZfw==",
        "dependencies": {
          "Volo.Abp.ObjectExtending": "9.3.1"
        }
      },
      "Volo.Abp.ExceptionHandling": {
        "type": "Transitive",
        "resolved": "9.3.1",
        "contentHash": "IojPK6jiOE3V+QXtOnJVwK2ZmqpHZay6v9wEGehh1QsTrn/KkSc2vM8NOgovFy1NieP7fGZSoQxP9H3rLkr65g==",
        "dependencies": {
          "Microsoft.Extensions.FileProviders.Embedded": "9.0.5",
          "Volo.Abp.Data": "9.3.1",
          "Volo.Abp.Localization": "9.3.1"
        }
      },
      "Volo.Abp.Features": {
        "type": "Transitive",
        "resolved": "9.3.1",
        "contentHash": "nq21XPYQXh0nBtfrMaUEUKssui9zlJSQ3pm/fh/5UrQJ8OAWzYphnuiFtI2zAVw75by4XMYX7aVctSo9Yo8qqA==",
        "dependencies": {
          "Volo.Abp.Authorization.Abstractions": "9.3.1",
          "Volo.Abp.Localization": "9.3.1",
          "Volo.Abp.MultiTenancy": "9.3.1",
          "Volo.Abp.Validation": "9.3.1"
        }
      },
      "Volo.Abp.GlobalFeatures": {
        "type": "Transitive",
        "resolved": "9.3.1",
        "contentHash": "quFb4nYTGtkStw0grTohr10f4AZNXTa76AhH4/YBB+PpyggSoKl6Y26ixpphQogd4Hr4Om7VaMnMzmk3tsLZbw==",
        "dependencies": {
          "Volo.Abp.Authorization.Abstractions": "9.3.1",
          "Volo.Abp.Localization": "9.3.1",
          "Volo.Abp.VirtualFileSystem": "9.3.1"
        }
      },
      "Volo.Abp.Guids": {
        "type": "Transitive",
        "resolved": "9.3.1",
        "contentHash": "jCxKoGLRLGVpC2fF+U24bbSJ4DUB6ve4LUZ0ndIixtW+OMLvzBoU2cSaRtm2tnHmclxElZYw1AiEI752mhNi0w==",
        "dependencies": {
          "Volo.Abp.Core": "9.3.1"
        }
      },
      "Volo.Abp.Http": {
        "type": "Transitive",
        "resolved": "9.3.1",
        "contentHash": "NRZaEDWN88Ui9fcJgibzOxoU3LzQDBXZEOSAODs8eUTgGaqD5Z48bqm8pjVGMAyJ1UHnBM82nkJz6Ybq7YCVHw==",
        "dependencies": {
          "Volo.Abp.Http.Abstractions": "9.3.1",
          "Volo.Abp.Json": "9.3.1",
          "Volo.Abp.Minify": "9.3.1"
        }
      },
      "Volo.Abp.Http.Abstractions": {
        "type": "Transitive",
        "resolved": "9.3.1",
        "contentHash": "B5l48C7GvTrtFvI5XcSaXb/ZLkM42/8gLCQkvA8pp2RX1KxwM3FTbXaVwzUb3Ga988MYfHZpGHdiD7bkq18oXA==",
        "dependencies": {
          "Volo.Abp.Core": "9.3.1"
        }
      },
      "Volo.Abp.Json": {
        "type": "Transitive",
        "resolved": "9.3.1",
        "contentHash": "PrFnDa5mCb4HID7uUvaobiXXi7lfKOYb5+irwgnXly0CHLWM2HkciD4Mg//LmRPox5POZLoJ60Jh0RWuCBhQRA==",
        "dependencies": {
          "Volo.Abp.Json.SystemTextJson": "9.3.1"
        }
      },
      "Volo.Abp.Json.Abstractions": {
        "type": "Transitive",
        "resolved": "9.3.1",
        "contentHash": "xIdsMYhr+EozJ+RkKLfQBe5xvxjI5HDUcCg1pEVSS+sx7ptYdfsht7lupb5yBqT/sxI3kMxC6YSBIY3x/wuOhA==",
        "dependencies": {
          "Volo.Abp.Core": "9.3.1"
        }
      },
      "Volo.Abp.Json.SystemTextJson": {
        "type": "Transitive",
        "resolved": "9.3.1",
        "contentHash": "8lMrSF1kFikg1GHbFcGXjFFPD0NqP45G2cXVuwgZyDYNmVldsf4Iut0IJmGfHhv4z5JOBdmL9NFzAsk4841liA==",
        "dependencies": {
          "Volo.Abp.Data": "9.3.1",
          "Volo.Abp.Json.Abstractions": "9.3.1",
          "Volo.Abp.Timing": "9.3.1"
        }
      },
      "Volo.Abp.Localization": {
        "type": "Transitive",
        "resolved": "9.3.1",
        "contentHash": "CSPb4kfCTAua5/ROPwd1HMVEzP622D4B+BQogbCePH7HVlgBaXtzKcDsr3nEDsZaSnoujlzkV3Lcd0Hq5anWSA==",
        "dependencies": {
          "Volo.Abp.Localization.Abstractions": "9.3.1",
          "Volo.Abp.Settings": "9.3.1",
          "Volo.Abp.Threading": "9.3.1",
          "Volo.Abp.VirtualFileSystem": "9.3.1"
        }
      },
      "Volo.Abp.Localization.Abstractions": {
        "type": "Transitive",
        "resolved": "9.3.1",
        "contentHash": "jmiMRXCdnNlykHyRRQpojeFeA9M+jZhoOlpyiTT2OpVJqkzl4YfFFT3F7nEbtUlLdveWpXiY2QyVbFNNCZpWiw==",
        "dependencies": {
          "Volo.Abp.Core": "9.3.1"
        }
      },
      "Volo.Abp.Minify": {
        "type": "Transitive",
        "resolved": "9.3.1",
        "contentHash": "kryfcmluBG8xnpZvcJhtK2qCdfUCEAzkXQVpBFywOqdtDDSX6NgL9T98FmuX3UHteZqNObS5EG4zO9NSp52XEg==",
        "dependencies": {
          "NUglify": "1.21.15",
          "Volo.Abp.Core": "9.3.1"
        }
      },
      "Volo.Abp.MultiTenancy": {
        "type": "Transitive",
        "resolved": "9.3.1",
        "contentHash": "mesJEsbW1dyUJLUELVXnnwV0Fqw4xc0DCLmBKbWOtr/IxEHwGM3au90QG3uoG3zlAP4FfPBkWYylJhsZAhV8eQ==",
        "dependencies": {
          "Volo.Abp.Data": "9.3.1",
          "Volo.Abp.EventBus.Abstractions": "9.3.1",
          "Volo.Abp.MultiTenancy.Abstractions": "9.3.1",
          "Volo.Abp.Security": "9.3.1",
          "Volo.Abp.Settings": "9.3.1"
        }
      },
      "Volo.Abp.MultiTenancy.Abstractions": {
        "type": "Transitive",
        "resolved": "9.3.1",
        "contentHash": "eo8oVOIEZIviSNs+iMBlCPfWx+R7pBkHows8G+cmvfp+BECkUL/Y24klS/uqY5W2KqL6QgtWUOD0wxJ6AEZS3A==",
        "dependencies": {
          "Volo.Abp.Localization": "9.3.1",
          "Volo.Abp.VirtualFileSystem": "9.3.1"
        }
      },
      "Volo.Abp.ObjectExtending": {
        "type": "Transitive",
        "resolved": "9.3.1",
        "contentHash": "wD51y4aOT6mcqGgOrh6nTezUN+5GdHDhyEiUqx/YzVYUNGOOaDc84PLNPBX9XErm16LICX7p3Wo3wT147p7igQ==",
        "dependencies": {
          "Volo.Abp.Localization.Abstractions": "9.3.1",
          "Volo.Abp.Validation.Abstractions": "9.3.1"
        }
      },
      "Volo.Abp.ObjectMapping": {
        "type": "Transitive",
        "resolved": "9.3.1",
        "contentHash": "wJiCDCOTowxP0YZiiqTP3a03GM1m/Y1KGFl/A9VsGuPXLe3zOK5M7Ni5BGol+UEsEyzMB0cPAIGznVqPcgSXaA==",
        "dependencies": {
          "Volo.Abp.Core": "9.3.1"
        }
      },
      "Volo.Abp.Security": {
        "type": "Transitive",
        "resolved": "9.3.1",
        "contentHash": "wmU8uRCA0Ckgp3d2AxIrGHycSMRoPVmequ49Tdu4xWsXMxfEwLV90vO8268QJNqwm8jtKl2fxxnCIMm9LtmYWQ==",
        "dependencies": {
          "Volo.Abp.Core": "9.3.1"
        }
      },
      "Volo.Abp.Serialization": {
        "type": "Transitive",
        "resolved": "9.3.1",
        "contentHash": "arNJFyRdWxyy9XnXm+wt6/vKbPl31U+62p8lucvTj4AmdTubu3bVskzZBPJGiYqDU5gLgDrrIVvkxQaKDj0AEA==",
        "dependencies": {
          "Volo.Abp.Core": "9.3.1"
        }
      },
      "Volo.Abp.Settings": {
        "type": "Transitive",
        "resolved": "9.3.1",
        "contentHash": "dPwpFbG9Tdd4jvno+UXnvXzSO+ftA8gMlbfZs9yoVXaX8YXxaHNUykphm+k4X7KIF5GtYdWhp+ZHAt2E++EU2A==",
        "dependencies": {
          "Volo.Abp.Data": "9.3.1",
          "Volo.Abp.Localization.Abstractions": "9.3.1",
          "Volo.Abp.Security": "9.3.1"
        }
      },
      "Volo.Abp.Specifications": {
        "type": "Transitive",
        "resolved": "9.3.1",
        "contentHash": "iMJjACewtgZ8Hbeinh0dxcq/dxtJea5dI+elsfUdZzKh+ju1+J3uOVDKFnIhXL14ebnWH/tx2BRO8BY9NS0KzQ==",
        "dependencies": {
          "Volo.Abp.Core": "9.3.1"
        }
      },
      "Volo.Abp.Threading": {
        "type": "Transitive",
        "resolved": "9.3.1",
        "contentHash": "tJFLA0MLCab0tF8wZtLW9eudnqsqaGSErU47/hlrw8/xZNJ1eYnPFmuBUDYUiSeXcOFqAylR2rudJMV1gCILNQ==",
        "dependencies": {
          "Volo.Abp.Core": "9.3.1"
        }
      },
      "Volo.Abp.Timing": {
        "type": "Transitive",
        "resolved": "9.3.1",
        "contentHash": "XtQNcbIzrYw9JtZkhAtur7it368p1rwZcWsoxgOzlTyCpd0s0MVuRROEZ+3uZ2LcSXENWlVGVqsbsCH83FDm2w==",
        "dependencies": {
          "TimeZoneConverter": "7.0.0",
          "Volo.Abp.Localization": "9.3.1",
          "Volo.Abp.Settings": "9.3.1"
        }
      },
      "Volo.Abp.UI": {
        "type": "Transitive",
        "resolved": "9.3.1",
        "contentHash": "+OjO2VZFpCRP7H7FkRQwaEM3RUhVWaXlJW/S+9rSCWPVbwbjlztyDX4QgBPBe29+UWYYlyqcfZALR3uYpyjQOg==",
        "dependencies": {
          "Volo.Abp.ExceptionHandling": "9.3.1"
        }
      },
      "Volo.Abp.UI.Navigation": {
        "type": "Transitive",
        "resolved": "9.3.1",
        "contentHash": "XwnGozQ934XsfV1J+8JQW5ccRCjUJV4mYz3ucYEcSzsbq9zdPlikeU/GBdXNjSaQ1H/Bo+ufFkg8gSEgadIuig==",
        "dependencies": {
          "Volo.Abp.Authorization": "9.3.1",
          "Volo.Abp.MultiTenancy": "9.3.1",
          "Volo.Abp.UI": "9.3.1"
        }
      },
      "Volo.Abp.Uow": {
        "type": "Transitive",
        "resolved": "9.3.1",
        "contentHash": "Nbht/mQA1XeQvc+7gS572ENZkae0UC7O+U+PduhrZWWB/MncRidSoy+fL6jvxqL2NUPZD6NyMkFJsI+zMzKJIw==",
        "dependencies": {
          "Volo.Abp.Core": "9.3.1"
        }
      },
      "Volo.Abp.Validation": {
        "type": "Transitive",
        "resolved": "9.3.1",
        "contentHash": "iDSgrUyfWkoKU1G3HmYyAskvZXAO34jzJGxWOrYbPd/EBmPh21sXeldkogCaTOhOq3QMDcbXQybMn2APYV9wjw==",
        "dependencies": {
          "Volo.Abp.Localization": "9.3.1",
          "Volo.Abp.Validation.Abstractions": "9.3.1"
        }
      },
      "Volo.Abp.Validation.Abstractions": {
        "type": "Transitive",
        "resolved": "9.3.1",
        "contentHash": "k5hH++oUCUUIjUJFjOSIlK+uW+ffi0HMpnPHkaJd6Hpr5hTNFyNS2y/E9Rq5W4MYI6rzgHc6Ggn1dNoNajJdSg==",
        "dependencies": {
          "Volo.Abp.Core": "9.3.1"
        }
      },
      "Volo.Abp.VirtualFileSystem": {
        "type": "Transitive",
        "resolved": "9.3.1",
        "contentHash": "A4VqhobB9Zh1qVGrgbLlrwBhjT6spmIdyt5fkSbca/0jQ14HAwmPEMP4HpP3hvKXclwT1VwYve7I5h9V7uN/Ig==",
        "dependencies": {
          "Microsoft.Extensions.FileProviders.Embedded": "9.0.5",
          "Volo.Abp.Core": "9.3.1"
        }
      },
      "Microsoft.AspNetCore.Mvc.Razor.RuntimeCompilation": {
        "type": "CentralTransitive",
        "requested": "[9.0.5, )",
        "resolved": "9.0.5",
        "contentHash": "KoJ3J4SAVjUDcvJlcPhBnZoWOXDiVTlQ/kKtaMGhsjkp6AYe6Nlu1pxmVLjvQey8aPxGmnT4rqzKsAB5AvHjeA==",
        "dependencies": {
          "Microsoft.AspNetCore.Mvc.Razor.Extensions": "6.0.0",
          "Microsoft.CodeAnalysis.Razor": "6.0.0",
          "Microsoft.Extensions.DependencyModel": "9.0.5"
        }
      },
      "Microsoft.CodeAnalysis.CSharp": {
        "type": "CentralTransitive",
        "requested": "[5.0.0, )",
        "resolved": "5.0.0",
        "contentHash": "5DSyJ9bk+ATuDy7fp2Zt0mJStDVKbBoiz1DyfAwSa+k4H4IwykAUcV3URelw5b8/iVbfSaOwkwmPUZH6opZKCw==",
        "dependencies": {
          "Microsoft.CodeAnalysis.Analyzers": "3.11.0",
          "Microsoft.CodeAnalysis.Common": "[5.0.0]"
        }
      },
      "Volo.Abp.AspNetCore": {
        "type": "CentralTransitive",
        "requested": "[9.3.1, )",
        "resolved": "9.3.1",
        "contentHash": "LQrDHRBffNAOG7mqYEV4s4Nelpd46NeC5HjlloqaG8buaXXW9yEvoJDqD7+f+HEDcOufd7etSpXReSJn86jz4g==",
        "dependencies": {
          "IdentityModel": "7.0.0",
          "Microsoft.AspNetCore.Authentication.OpenIdConnect": "9.0.5",
          "MyCSharp.HttpUserAgentParser": "3.0.25",
          "Volo.Abp.AspNetCore.Abstractions": "9.3.1",
          "Volo.Abp.Auditing": "9.3.1",
          "Volo.Abp.Authorization": "9.3.1",
          "Volo.Abp.ExceptionHandling": "9.3.1",
          "Volo.Abp.Http": "9.3.1",
          "Volo.Abp.Security": "9.3.1",
          "Volo.Abp.Uow": "9.3.1",
          "Volo.Abp.Validation": "9.3.1",
          "Volo.Abp.VirtualFileSystem": "9.3.1"
        }
      },
      "Volo.Abp.Core": {
        "type": "CentralTransitive",
        "requested": "[9.3.1, )",
        "resolved": "9.3.1",
        "contentHash": "t+ljhfqX1lCke4qwuvfSexXKC0IGAZOVmqicLSQg0gvzgZkrsIOl0VjAUAWywn+tLvDgEu5ehDLoCadFZdkgEQ==",
        "dependencies": {
          "JetBrains.Annotations": "2024.3.0",
          "Nito.AsyncEx.Context": "5.1.2",
          "System.Linq.Dynamic.Core": "1.6.2"
        }
      }
    }
  }
}