{
  "version": 2,
  "dependencies": {
    "net10.0": {
      "CliWrap": {
        "type": "Direct",
        "requested": "[3.10.1, )",
        "resolved": "3.10.1",
        "contentHash": "C+WzXwzpQsJVNqvuh19ZO/bw/vR43L+DC/CmvK+PATUBkail2AWYE6an17dOGgWaVGzF9sU28YwRwfNfkPrQdg=="
      },
      "YamlDotNet": {
        "type": "Direct",
        "requested": "[18.0.0, )",
        "resolved": "18.0.0",
        "contentHash": "ptHVgcYmLejGuWXV7RMFoEqFKYMXnieOlWLPzEslfDtzZ9ngMhjYwykfqjBN2+fMEAEyobozkj07lKEpR4dssA=="
      },
      "forgetrust.appsurface.releasecontracts": {
        "type": "Project",
        "dependencies": {
          "Markdig": "[1.2.0, )"
        }
      },
      "Markdig": {
        "type": "CentralTransitive",
        "requested": "[1.2.0, )",
        "resolved": "1.2.0",
        "contentHash": "LoBVOgeDWfHthWTPzQJkjDkxImqBXRA5XpuTyjdM4SAURyWQGG1CbEEbfPbmvAavggnAZPaTYpbhIPUurWvIXA=="
      }
    }
  }
}