{
  "version": 2,
  "dependencies": {
    "net10.0": {
      "Microsoft.AspNetCore.Razor.Language": {
        "type": "Transitive",
        "resolved": "6.0.36",
        "contentHash": "n5Mg5D0aRrhHJJ6bJcwKqQydIFcgUq0jTlvuynoJjwA2IvAzh8Aqf9cpYagofQbIlIXILkCP6q6FgbngyVtpYA=="
      },
      "Microsoft.CodeAnalysis.Common": {
        "type": "Transitive",
        "resolved": "5.0.0",
        "contentHash": "ZXRAdvH6GiDeHRyd3q/km8Z44RoM6FBWHd+gen/la81mVnAdHTEsEkO5J0TCNXBymAcx5UYKt5TvgKBhaLJEow==",
        "dependencies": {
          "Microsoft.CodeAnalysis.Analyzers": "3.11.0"
        }
      },
      "Onigwrap": {
        "type": "Transitive",
        "resolved": "1.0.10",
        "contentHash": "eujNEpEhCl4UiqHTG0CeG/sWS8v/iYXGqUpaVkgBmYRZp3Utmz/aw38fuFL2rcnhj1FNfHwHaxGDeLY34a3nEA=="
      },
      "forgetrust.appsurface.auth": {
        "type": "Project",
        "dependencies": {
          "ForgeTrust.AppSurface.Core": "[0.1.0, )"
        }
      },
      "forgetrust.appsurface.caching": {
        "type": "Project",
        "dependencies": {
          "ForgeTrust.AppSurface.Core": "[0.1.0, )"
        }
      },
      "forgetrust.appsurface.config": {
        "type": "Project",
        "dependencies": {
          "ForgeTrust.AppSurface.Core": "[0.1.0, )"
        }
      },
      "forgetrust.appsurface.core": {
        "type": "Project",
        "dependencies": {
          "CliWrap": "[3.10.1, )"
        }
      },
      "forgetrust.appsurface.docs": {
        "type": "Project",
        "dependencies": {
          "Acornima": "[1.6.2, )",
          "AngleSharp": "[1.7.1, 1.7.1]",
          "AngleSharp.Css": "[1.0.1, 1.0.1]",
          "ForgeTrust.AppSurface.Auth": "[0.1.0, )",
          "ForgeTrust.AppSurface.Caching": "[0.1.0, )",
          "ForgeTrust.AppSurface.Config": "[0.1.0, )",
          "ForgeTrust.AppSurface.Intelligence": "[0.1.0, )",
          "ForgeTrust.AppSurface.ReleaseContracts": "[0.1.0, )",
          "ForgeTrust.AppSurface.Theming": "[0.1.0, )",
          "ForgeTrust.AppSurface.Web": "[0.1.0, )",
          "ForgeTrust.AppSurface.Web.Tailwind": "[0.1.0, )",
          "ForgeTrust.RazorWire": "[0.1.0, )",
          "HtmlSanitizer": "[9.2.995, 9.2.995]",
          "Markdig": "[1.2.0, )",
          "Microsoft.CodeAnalysis.CSharp": "[5.0.0, )",
          "TextMateSharp": "[2.0.3, )",
          "TextMateSharp.Grammars": "[2.0.3, )",
          "YamlDotNet": "[18.0.0, )"
        }
      },
      "forgetrust.appsurface.intelligence": {
        "type": "Project",
        "dependencies": {
          "ForgeTrust.AppSurface.Core": "[0.1.0, )"
        }
      },
      "forgetrust.appsurface.releasecontracts": {
        "type": "Project",
        "dependencies": {
          "Markdig": "[1.2.0, )"
        }
      },
      "forgetrust.appsurface.theming": {
        "type": "Project"
      },
      "forgetrust.appsurface.web": {
        "type": "Project",
        "dependencies": {
          "ForgeTrust.AppSurface.Config": "[0.1.0, )",
          "ForgeTrust.AppSurface.Core": "[0.1.0, )",
          "ForgeTrust.AppSurface.Theming": "[0.1.0, )"
        }
      },
      "forgetrust.appsurface.web.tailwind": {
        "type": "Project",
        "dependencies": {
          "CliWrap": "[3.10.1, )",
          "ForgeTrust.AppSurface.Core": "[0.1.0, )",
          "ForgeTrust.AppSurface.Web.Tailwind.Runtime.linux-arm64": "[0.1.0, )",
          "ForgeTrust.AppSurface.Web.Tailwind.Runtime.linux-x64": "[0.1.0, )",
          "ForgeTrust.AppSurface.Web.Tailwind.Runtime.osx-arm64": "[0.1.0, )",
          "ForgeTrust.AppSurface.Web.Tailwind.Runtime.osx-x64": "[0.1.0, )",
          "ForgeTrust.AppSurface.Web.Tailwind.Runtime.win-x64": "[0.1.0, )"
        }
      },
      "forgetrust.appsurface.web.tailwind.runtime.linux-arm64": {
        "type": "Project"
      },
      "forgetrust.appsurface.web.tailwind.runtime.linux-x64": {
        "type": "Project"
      },
      "forgetrust.appsurface.web.tailwind.runtime.osx-arm64": {
        "type": "Project"
      },
      "forgetrust.appsurface.web.tailwind.runtime.osx-x64": {
        "type": "Project"
      },
      "forgetrust.appsurface.web.tailwind.runtime.win-x64": {
        "type": "Project"
      },
      "forgetrust.razorwire": {
        "type": "Project",
        "dependencies": {
          "ForgeTrust.AppSurface.Auth": "[0.1.0, )",
          "ForgeTrust.AppSurface.Intelligence": "[0.1.0, )",
          "ForgeTrust.AppSurface.Web": "[0.1.0, )",
          "Microsoft.AspNetCore.Mvc.Razor.RuntimeCompilation": "[10.0.2, )"
        }
      },
      "Acornima": {
        "type": "CentralTransitive",
        "requested": "[1.6.2, )",
        "resolved": "1.6.2",
        "contentHash": "laakpDHzMwHr5C8+q5RlRf0XJJshUvghNeo4xDerICrYR3iEuGvwfpauCmXuU3RE437XDaQO5ZxieWDpADuD+w=="
      },
      "AngleSharp": {
        "type": "CentralTransitive",
        "requested": "[1.7.1, 1.7.1]",
        "resolved": "1.7.1",
        "contentHash": "QBblGpRB3SYD66Mls7fHyl1mWkP93n7ErWDWHc1vd9sPHhdlTkmUoY3CjgfjcWNxGF9m7xjNyztRfErXqoBKOA=="
      },
      "AngleSharp.Css": {
        "type": "CentralTransitive",
        "requested": "[1.0.1, 1.0.1]",
        "resolved": "1.0.1",
        "contentHash": "6S13xNHH+SUGPZd6EO1MhkuDbpEnFroUM6A8DZpLJHQnLRTvtBJb3Ydu65s618E4gWF9FSWmM5jhKk4RIfwT2A==",
        "dependencies": {
          "AngleSharp": "[1.5.0, 2.0.0)"
        }
      },
      "CliWrap": {
        "type": "CentralTransitive",
        "requested": "[3.10.1, )",
        "resolved": "3.10.1",
        "contentHash": "C+WzXwzpQsJVNqvuh19ZO/bw/vR43L+DC/CmvK+PATUBkail2AWYE6an17dOGgWaVGzF9sU28YwRwfNfkPrQdg=="
      },
      "HtmlSanitizer": {
        "type": "CentralTransitive",
        "requested": "[9.2.995, 9.2.995]",
        "resolved": "9.2.995",
        "contentHash": "Yws4FratoTx4FDlvOjQTfuE49ATTVwAxNosv2CE2XqnOcmPuWWOWbLwEYP5w9uqvrGRyOgQloisKVokrgxKaXg==",
        "dependencies": {
          "AngleSharp": "1.7.1",
          "AngleSharp.Css": "1.0.1"
        }
      },
      "Markdig": {
        "type": "CentralTransitive",
        "requested": "[1.2.0, )",
        "resolved": "1.2.0",
        "contentHash": "LoBVOgeDWfHthWTPzQJkjDkxImqBXRA5XpuTyjdM4SAURyWQGG1CbEEbfPbmvAavggnAZPaTYpbhIPUurWvIXA=="
      },
      "Microsoft.AspNetCore.Mvc.Razor.Extensions": {
        "type": "CentralTransitive",
        "requested": "[6.0.36, )",
        "resolved": "6.0.36",
        "contentHash": "KFHRhrGAnd80310lpuWzI7Cf+GidS/h3JaPDFFnSmSGjCxB5vkBv5E+TXclJCJhqPtgNxg+keTC5SF1T9ieG5w==",
        "dependencies": {
          "Microsoft.AspNetCore.Razor.Language": "6.0.36",
          "Microsoft.CodeAnalysis.Razor": "6.0.36"
        }
      },
      "Microsoft.AspNetCore.Mvc.Razor.RuntimeCompilation": {
        "type": "CentralTransitive",
        "requested": "[10.0.2, )",
        "resolved": "10.0.2",
        "contentHash": "FN5Rv8tmQ2yr4iTiNIetVDyTaLxyt+ugUUo7d7aJnIiHLDr1piOnS8sxUZOEx6apECPLHvrGhQ2XFVdv7mWZ3Q==",
        "dependencies": {
          "Microsoft.AspNetCore.Mvc.Razor.Extensions": "6.0.0",
          "Microsoft.CodeAnalysis.Razor": "6.0.0",
          "Microsoft.Extensions.DependencyModel": "10.0.2"
        }
      },
      "Microsoft.CodeAnalysis.Analyzers": {
        "type": "CentralTransitive",
        "requested": "[3.11.0, )",
        "resolved": "3.11.0",
        "contentHash": "v/EW3UE8/lbEYHoC2Qq7AR/DnmvpgdtAMndfQNmpuIMx/Mto8L5JnuCfdBYtgvalQOtfNCnxFejxuRrryvUTsg=="
      },
      "Microsoft.CodeAnalysis.CSharp": {
        "type": "CentralTransitive",
        "requested": "[5.0.0, )",
        "resolved": "5.0.0",
        "contentHash": "5DSyJ9bk+ATuDy7fp2Zt0mJStDVKbBoiz1DyfAwSa+k4H4IwykAUcV3URelw5b8/iVbfSaOwkwmPUZH6opZKCw==",
        "dependencies": {
          "Microsoft.CodeAnalysis.Analyzers": "3.11.0",
          "Microsoft.CodeAnalysis.Common": "[5.0.0]"
        }
      },
      "Microsoft.CodeAnalysis.Razor": {
        "type": "CentralTransitive",
        "requested": "[6.0.36, )",
        "resolved": "6.0.36",
        "contentHash": "RTLNJglWezr/1IkiWdtDpPYW7X7lwa4ow8E35cHt+sWdWxOnl+ayQqMy1RfbaLp7CLmRmgXSzMMZZU3D4vZi9Q==",
        "dependencies": {
          "Microsoft.AspNetCore.Razor.Language": "6.0.36",
          "Microsoft.CodeAnalysis.CSharp": "4.0.0",
          "Microsoft.CodeAnalysis.Common": "4.0.0"
        }
      },
      "Microsoft.Extensions.DependencyModel": {
        "type": "CentralTransitive",
        "requested": "[10.0.2, )",
        "resolved": "10.0.2",
        "contentHash": "DHXzj/FKmUDmhzw7AHbMXbNNcgO8Cb9PDbYOUDICjFAdIALy2WbC6pm+dFKiAUNtcYMucZu2iMVw1ef/sdcZFw=="
      },
      "TextMateSharp": {
        "type": "CentralTransitive",
        "requested": "[2.0.3, )",
        "resolved": "2.0.3",
        "contentHash": "w0wGeqlBi9SYrzxpS1DBcEfiVCs5NY18Yl5YBIsHzXTXQd0OLOh3mP4LRuFvcktR/1MG8nSBHSMJj0rFvrPk+A==",
        "dependencies": {
          "Onigwrap": "1.0.10"
        }
      },
      "TextMateSharp.Grammars": {
        "type": "CentralTransitive",
        "requested": "[2.0.3, )",
        "resolved": "2.0.3",
        "contentHash": "qkI1ogusuyGCGTgeyhljDM+GEfATOexoUTqLIgSb5P0ojmfhRXWfSTRXXJRpZkLDErShJ7RWOb+p10lHfhhO+Q==",
        "dependencies": {
          "TextMateSharp": "2.0.3"
        }
      },
      "YamlDotNet": {
        "type": "CentralTransitive",
        "requested": "[18.0.0, )",
        "resolved": "18.0.0",
        "contentHash": "ptHVgcYmLejGuWXV7RMFoEqFKYMXnieOlWLPzEslfDtzZ9ngMhjYwykfqjBN2+fMEAEyobozkj07lKEpR4dssA=="
      }
    }
  }
}